
Microsoft Visual Studio Solution File, Format Version 12.00
# Visual Studio 15
VisualStudioVersion = 15.0.28307.489
MinimumVisualStudioVersion = 10.0.40219.1
Project("{FAE04EC0-301F-11D3-BF4B-00C04F79EFBC}") = "Purple_Umbrella", "Purple_Umbrella\Purple_Umbrella.csproj", "{F325CEFB-586A-4B3D-B476-EE87E93EE278}"
EndProject
Project("{FAE04EC0-301F-11D3-BF4B-00C04F79EFBC}") = "Purple_Umbrella.Tests", "Purple_Umbrella.Tests\Purple_Umbrella.Tests.csproj", "{EC0D775A-B17D-40DC-A511-AC46E2CCF5F8}"
EndProject
Global
	GlobalSection(SolutionConfigurationPlatforms) = preSolution
		Debug|Any CPU = Debug|Any CPU
		Release|Any CPU = Release|Any CPU
	EndGlobalSection
	GlobalSection(ProjectConfigurationPlatforms) = postSolution
		{F325CEFB-586A-4B3D-B476-EE87E93EE278}.Debug|Any CPU.ActiveCfg = Debug|Any CPU
		{F325CEFB-586A-4B3D-B476-EE87E93EE278}.Debug|Any CPU.Build.0 = Debug|Any CPU
		{F325CEFB-586A-4B3D-B476-EE87E93EE278}.Release|Any CPU.ActiveCfg = Release|Any CPU
		{F325CEFB-586A-4B3D-B476-EE87E93EE278}.Release|Any CPU.Build.0 = Release|Any CPU
		{EC0D775A-B17D-40DC-A511-AC46E2CCF5F8}.Debug|Any CPU.ActiveCfg = Debug|Any CPU
		{EC0D775A-B17D-40DC-A511-AC46E2CCF5F8}.Debug|Any CPU.Build.0 = Debug|Any CPU
		{EC0D775A-B17D-40DC-A511-AC46E2CCF5F8}.Release|Any CPU.ActiveCfg = Release|Any CPU
		{EC0D775A-B17D-40DC-A511-AC46E2CCF5F8}.Release|Any CPU.Build.0 = Release|Any CPU
	EndGlobalSection
	GlobalSection(SolutionProperties) = preSolution
		HideSolutionNode = FALSE
	EndGlobalSection
	GlobalSection(ExtensibilityGlobals) = postSolution
		SolutionGuid = {9CC56B6A-11B6-44DD-9AD5-8DF388DFF2AF}
	EndGlobalSection
EndGlobal
